
Microsoft Visual Studio Solution File, Format Version 12.00
# Visual Studio Version 17
VisualStudioVersion = 17.5.002.0
MinimumVisualStudioVersion = 10.0.40219.1
Project("{2150E333-8FDC-42A3-9474-1A3956D46DE8}") = "Aula01", "Aula01", "{EA717B02-74C7-41D7-B8CE-7B0BAD656175}"
EndProject
Project("{9A19103F-16F7-4668-BE54-9A1E7A4F7556}") = "Desafio1", "Aula01\Desafio1\Desafio1.csproj", "{1FD6AAC7-58A9-4381-A85B-06E241D0924D}"
EndProject
Project("{9A19103F-16F7-4668-BE54-9A1E7A4F7556}") = "Desafio4", "Aula01\Desafio4\Desafio4.csproj", "{FA9DF65C-19C8-4A6C-934A-907E9DD8325F}"
EndProject
Project("{9A19103F-16F7-4668-BE54-9A1E7A4F7556}") = "Desafio2", "Aula01\Desafio2\Desafio2.csproj", "{6574D964-9ADD-46AF-B3A8-A0E1C6F7D28C}"
EndProject
Project("{9A19103F-16F7-4668-BE54-9A1E7A4F7556}") = "Desafio3", "Aula01\Desafio3\Desafio3.csproj", "{C98BA7E3-389D-4C59-907E-F9C3B1EC0B92}"
EndProject
Project("{2150E333-8FDC-42A3-9474-1A3956D46DE8}") = "Aula02", "Aula02", "{E14F24BD-1F1B-439B-AE42-112FE49ACD1E}"
EndProject
Project("{9A19103F-16F7-4668-BE54-9A1E7A4F7556}") = "Desafio09", "Aula02\Desafio09\Desafio09.csproj", "{A43B831F-51B2-4210-B8CB-A9BDBFCE310E}"
EndProject
Project("{9A19103F-16F7-4668-BE54-9A1E7A4F7556}") = "Desafio11", "Aula02\Desafio11\Desafio11.csproj", "{9C2A363D-9245-4A9A-B79D-F9A0B416595F}"
EndProject
Project("{9A19103F-16F7-4668-BE54-9A1E7A4F7556}") = "Desafio05", "Aula02\Desafio05\Desafio05.csproj", "{F1F2E35D-A45C-484B-BBC8-250EEE6DE10B}"
EndProject
Project("{9A19103F-16F7-4668-BE54-9A1E7A4F7556}") = "Desafio10", "Aula02\Desafio10\Desafio10.csproj", "{F51C590A-6FA4-48AB-A19C-973F7E696DA1}"
EndProject
Project("{9A19103F-16F7-4668-BE54-9A1E7A4F7556}") = "Desafio06", "Aula02\Desafio06\Desafio06.csproj", "{B0139461-86B5-449F-8570-BDC5DE3AF220}"
EndProject
Project("{9A19103F-16F7-4668-BE54-9A1E7A4F7556}") = "Desafio08", "Aula02\Desafio08\Desafio08.csproj", "{0701A554-7E1B-4D89-ADAD-A677F98A6155}"
EndProject
Project("{9A19103F-16F7-4668-BE54-9A1E7A4F7556}") = "Desafio07", "Aula02\Desafio07\Desafio07.csproj", "{FD7FCD62-F549-4BC7-B600-E865C3F83B80}"
EndProject
Global
	GlobalSection(SolutionConfigurationPlatforms) = preSolution
		Debug|Any CPU = Debug|Any CPU
		Release|Any CPU = Release|Any CPU
	EndGlobalSection
	GlobalSection(ProjectConfigurationPlatforms) = postSolution
		{1FD6AAC7-58A9-4381-A85B-06E241D0924D}.Debug|Any CPU.ActiveCfg = Debug|Any CPU
		{1FD6AAC7-58A9-4381-A85B-06E241D0924D}.Debug|Any CPU.Build.0 = Debug|Any CPU
		{1FD6AAC7-58A9-4381-A85B-06E241D0924D}.Release|Any CPU.ActiveCfg = Release|Any CPU
		{1FD6AAC7-58A9-4381-A85B-06E241D0924D}.Release|Any CPU.Build.0 = Release|Any CPU
		{FA9DF65C-19C8-4A6C-934A-907E9DD8325F}.Debug|Any CPU.ActiveCfg = Debug|Any CPU
		{FA9DF65C-19C8-4A6C-934A-907E9DD8325F}.Debug|Any CPU.Build.0 = Debug|Any CPU
		{FA9DF65C-19C8-4A6C-934A-907E9DD8325F}.Release|Any CPU.ActiveCfg = Release|Any CPU
		{FA9DF65C-19C8-4A6C-934A-907E9DD8325F}.Release|Any CPU.Build.0 = Release|Any CPU
		{6574D964-9ADD-46AF-B3A8-A0E1C6F7D28C}.Debug|Any CPU.ActiveCfg = Debug|Any CPU
		{6574D964-9ADD-46AF-B3A8-A0E1C6F7D28C}.Debug|Any CPU.Build.0 = Debug|Any CPU
		{6574D964-9ADD-46AF-B3A8-A0E1C6F7D28C}.Release|Any CPU.ActiveCfg = Release|Any CPU
		{6574D964-9ADD-46AF-B3A8-A0E1C6F7D28C}.Release|Any CPU.Build.0 = Release|Any CPU
		{C98BA7E3-389D-4C59-907E-F9C3B1EC0B92}.Debug|Any CPU.ActiveCfg = Debug|Any CPU
		{C98BA7E3-389D-4C59-907E-F9C3B1EC0B92}.Debug|Any CPU.Build.0 = Debug|Any CPU
		{C98BA7E3-389D-4C59-907E-F9C3B1EC0B92}.Release|Any CPU.ActiveCfg = Release|Any CPU
		{C98BA7E3-389D-4C59-907E-F9C3B1EC0B92}.Release|Any CPU.Build.0 = Release|Any CPU
		{A43B831F-51B2-4210-B8CB-A9BDBFCE310E}.Debug|Any CPU.ActiveCfg = Debug|Any CPU
		{A43B831F-51B2-4210-B8CB-A9BDBFCE310E}.Debug|Any CPU.Build.0 = Debug|Any CPU
		{A43B831F-51B2-4210-B8CB-A9BDBFCE310E}.Release|Any CPU.ActiveCfg = Release|Any CPU
		{A43B831F-51B2-4210-B8CB-A9BDBFCE310E}.Release|Any CPU.Build.0 = Release|Any CPU
		{9C2A363D-9245-4A9A-B79D-F9A0B416595F}.Debug|Any CPU.ActiveCfg = Debug|Any CPU
		{9C2A363D-9245-4A9A-B79D-F9A0B416595F}.Debug|Any CPU.Build.0 = Debug|Any CPU
		{9C2A363D-9245-4A9A-B79D-F9A0B416595F}.Release|Any CPU.ActiveCfg = Release|Any CPU
		{9C2A363D-9245-4A9A-B79D-F9A0B416595F}.Release|Any CPU.Build.0 = Release|Any CPU
		{F1F2E35D-A45C-484B-BBC8-250EEE6DE10B}.Debug|Any CPU.ActiveCfg = Debug|Any CPU
		{F1F2E35D-A45C-484B-BBC8-250EEE6DE10B}.Debug|Any CPU.Build.0 = Debug|Any CPU
		{F1F2E35D-A45C-484B-BBC8-250EEE6DE10B}.Release|Any CPU.ActiveCfg = Release|Any CPU
		{F1F2E35D-A45C-484B-BBC8-250EEE6DE10B}.Release|Any CPU.Build.0 = Release|Any CPU
		{F51C590A-6FA4-48AB-A19C-973F7E696DA1}.Debug|Any CPU.ActiveCfg = Debug|Any CPU
		{F51C590A-6FA4-48AB-A19C-973F7E696DA1}.Debug|Any CPU.Build.0 = Debug|Any CPU
		{F51C590A-6FA4-48AB-A19C-973F7E696DA1}.Release|Any CPU.ActiveCfg = Release|Any CPU
		{F51C590A-6FA4-48AB-A19C-973F7E696DA1}.Release|Any CPU.Build.0 = Release|Any CPU
		{B0139461-86B5-449F-8570-BDC5DE3AF220}.Debug|Any CPU.ActiveCfg = Debug|Any CPU
		{B0139461-86B5-449F-8570-BDC5DE3AF220}.Debug|Any CPU.Build.0 = Debug|Any CPU
		{B0139461-86B5-449F-8570-BDC5DE3AF220}.Release|Any CPU.ActiveCfg = Release|Any CPU
		{B0139461-86B5-449F-8570-BDC5DE3AF220}.Release|Any CPU.Build.0 = Release|Any CPU
		{0701A554-7E1B-4D89-ADAD-A677F98A6155}.Debug|Any CPU.ActiveCfg = Debug|Any CPU
		{0701A554-7E1B-4D89-ADAD-A677F98A6155}.Debug|Any CPU.Build.0 = Debug|Any CPU
		{0701A554-7E1B-4D89-ADAD-A677F98A6155}.Release|Any CPU.ActiveCfg = Release|Any CPU
		{0701A554-7E1B-4D89-ADAD-A677F98A6155}.Release|Any CPU.Build.0 = Release|Any CPU
		{FD7FCD62-F549-4BC7-B600-E865C3F83B80}.Debug|Any CPU.ActiveCfg = Debug|Any CPU
		{FD7FCD62-F549-4BC7-B600-E865C3F83B80}.Debug|Any CPU.Build.0 = Debug|Any CPU
		{FD7FCD62-F549-4BC7-B600-E865C3F83B80}.Release|Any CPU.ActiveCfg = Release|Any CPU
		{FD7FCD62-F549-4BC7-B600-E865C3F83B80}.Release|Any CPU.Build.0 = Release|Any CPU
	EndGlobalSection
	GlobalSection(SolutionProperties) = preSolution
		HideSolutionNode = FALSE
	EndGlobalSection
	GlobalSection(NestedProjects) = preSolution
		{1FD6AAC7-58A9-4381-A85B-06E241D0924D} = {EA717B02-74C7-41D7-B8CE-7B0BAD656175}
		{FA9DF65C-19C8-4A6C-934A-907E9DD8325F} = {EA717B02-74C7-41D7-B8CE-7B0BAD656175}
		{6574D964-9ADD-46AF-B3A8-A0E1C6F7D28C} = {EA717B02-74C7-41D7-B8CE-7B0BAD656175}
		{C98BA7E3-389D-4C59-907E-F9C3B1EC0B92} = {EA717B02-74C7-41D7-B8CE-7B0BAD656175}
		{A43B831F-51B2-4210-B8CB-A9BDBFCE310E} = {E14F24BD-1F1B-439B-AE42-112FE49ACD1E}
		{9C2A363D-9245-4A9A-B79D-F9A0B416595F} = {E14F24BD-1F1B-439B-AE42-112FE49ACD1E}
		{F1F2E35D-A45C-484B-BBC8-250EEE6DE10B} = {E14F24BD-1F1B-439B-AE42-112FE49ACD1E}
		{F51C590A-6FA4-48AB-A19C-973F7E696DA1} = {E14F24BD-1F1B-439B-AE42-112FE49ACD1E}
		{B0139461-86B5-449F-8570-BDC5DE3AF220} = {E14F24BD-1F1B-439B-AE42-112FE49ACD1E}
		{0701A554-7E1B-4D89-ADAD-A677F98A6155} = {E14F24BD-1F1B-439B-AE42-112FE49ACD1E}
		{FD7FCD62-F549-4BC7-B600-E865C3F83B80} = {E14F24BD-1F1B-439B-AE42-112FE49ACD1E}
	EndGlobalSection
	GlobalSection(ExtensibilityGlobals) = postSolution
		SolutionGuid = {CEC5BEB1-5C05-45F1-AF17-740C1B5B6849}
	EndGlobalSection
EndGlobal
